// !$*UTF8*$!
{
	archiveVersion = 1;
	classes = {
	};
	objectVersion = 50;
	objects = {

/* Begin PBXBuildFile section */
		06627A8E23DAEDDF00447F1F /* InputViewController.swift in Sources */ = {isa = PBXBuildFile; fileRef = 06627A8D23DAEDDF00447F1F /* InputViewController.swift */; };
		06D60C7123DAE27E003E5A81 /* AppDelegate.swift in Sources */ = {isa = PBXBuildFile; fileRef = 06D60C7023DAE27E003E5A81 /* AppDelegate.swift */; };
		06D60C7323DAE27E003E5A81 /* SceneDelegate.swift in Sources */ = {isa = PBXBuildFile; fileRef = 06D60C7223DAE27E003E5A81 /* SceneDelegate.swift */; };
		06D60C7523DAE27E003E5A81 /* ViewController.swift in Sources */ = {isa = PBXBuildFile; fileRef = 06D60C7423DAE27E003E5A81 /* ViewController.swift */; };
		06D60C7823DAE27E003E5A81 /* Main.storyboard in Resources */ = {isa = PBXBuildFile; fileRef = 06D60C7623DAE27E003E5A81 /* Main.storyboard */; };
		06D60C7A23DAE27F003E5A81 /* Assets.xcassets in Resources */ = {isa = PBXBuildFile; fileRef = 06D60C7923DAE27F003E5A81 /* Assets.xcassets */; };
		06D60C7D23DAE27F003E5A81 /* LaunchScreen.storyboard in Resources */ = {isa = PBXBuildFile; fileRef = 06D60C7B23DAE27F003E5A81 /* LaunchScreen.storyboard */; };
		68CBFE3DE7BD612818FC929D /* Pods_TaskManageApp.framework in Frameworks */ = {isa = PBXBuildFile; fileRef = D352F52AAEA6EC9435921CF4 /* Pods_TaskManageApp.framework */; };
/* End PBXBuildFile section */

/* Begin PBXFileReference section */
		06627A8D23DAEDDF00447F1F /* InputViewController.swift */ = {isa = PBXFileReference; lastKnownFileType = sourcecode.swift; path = InputViewController.swift; sourceTree = "<group>"; };
		06D60C6D23DAE27E003E5A81 /* TaskManageApp.app */ = {isa = PBXFileReference; explicitFileType = wrapper.application; includeInIndex = 0; path = TaskManageApp.app; sourceTree = BUILT_PRODUCTS_DIR; };
		06D60C7023DAE27E003E5A81 /* AppDelegate.swift */ = {isa = PBXFileReference; lastKnownFileType = sourcecode.swift; path = AppDelegate.swift; sourceTree = "<group>"; };
		06D60C7223DAE27E003E5A81 /* SceneDelegate.swift */ = {isa = PBXFileReference; lastKnownFileType = sourcecode.swift; path = SceneDelegate.swift; sourceTree = "<group>"; };
		06D60C7423DAE27E003E5A81 /* ViewController.swift */ = {isa = PBXFileReference; lastKnownFileType = sourcecode.swift; path = ViewController.swift; sourceTree = "<group>"; };
		06D60C7723DAE27E003E5A81 /* Base */ = {isa = PBXFileReference; lastKnownFileType = file.storyboard; name = Base; path = Base.lproj/Main.storyboard; sourceTree = "<group>"; };
		06D60C7923DAE27F003E5A81 /* Assets.xcassets */ = {isa = PBXFileReference; lastKnownFileType = folder.assetcatalog; path = Assets.xcassets; sourceTree = "<group>"; };
		06D60C7C23DAE27F003E5A81 /* Base */ = {isa = PBXFileReference; lastKnownFileType = file.storyboard; name = Base; path = Base.lproj/LaunchScreen.storyboard; sourceTree = "<group>"; };
		06D60C7E23DAE27F003E5A81 /* Info.plist */ = {isa = PBXFileReference; lastKnownFileType = text.plist.xml; path = Info.plist; sourceTree = "<group>"; };
		4580CA1A766CC2413C8A49C8 /* Pods-TaskManageApp.release.xcconfig */ = {isa = PBXFileReference; includeInIndex = 1; lastKnownFileType = text.xcconfig; name = "Pods-TaskManageApp.release.xcconfig"; path = "Target Support Files/Pods-TaskManageApp/Pods-TaskManageApp.release.xcconfig"; sourceTree = "<group>"; };
		A89558D61F7E474903BF67A3 /* Pods-TaskManageApp.debug.xcconfig */ = {isa = PBXFileReference; includeInIndex = 1; lastKnownFileType = text.xcconfig; name = "Pods-TaskManageApp.debug.xcconfig"; path = "Target Support Files/Pods-TaskManageApp/Pods-TaskManageApp.debug.xcconfig"; sourceTree = "<group>"; };
		D352F52AAEA6EC9435921CF4 /* Pods_TaskManageApp.framework */ = {isa = PBXFileReference; explicitFileType = wrapper.framework; includeInIndex = 0; path = Pods_TaskManageApp.framework; sourceTree = BUILT_PRODUCTS_DIR; };
/* End PBXFileReference section */

/* Begin PBXFrameworksBuildPhase section */
		06D60C6A23DAE27E003E5A81 /* Frameworks */ = {
			isa = PBXFrameworksBuildPhase;
			buildActionMask = 2147483647;
			files = (
				68CBFE3DE7BD612818FC929D /* Pods_TaskManageApp.framework in Frameworks */,
			);
			runOnlyForDeploymentPostprocessing = 0;
		};
/* End PBXFrameworksBuildPhase section */

/* Begin PBXGroup section */
		00EB388EBBC9769606F5F2B4 /* Frameworks */ = {
			isa = PBXGroup;
			children = (
				D352F52AAEA6EC9435921CF4 /* Pods_TaskManageApp.framework */,
			);
			name = Frameworks;
			sourceTree = "<group>";
		};
		06D60C6423DAE27E003E5A81 = {
			isa = PBXGroup;
			children = (
				06D60C6F23DAE27E003E5A81 /* TaskManageApp */,
				06D60C6E23DAE27E003E5A81 /* Products */,
				8C70794D6BB64DDC12474D9B /* Pods */,
				00EB388EBBC9769606F5F2B4 /* Frameworks */,
			);
			sourceTree = "<group>";
		};
		06D60C6E23DAE27E003E5A81 /* Products */ = {
			isa = PBXGroup;
			children = (
				06D60C6D23DAE27E003E5A81 /* TaskManageApp.app */,
			);
			name = Products;
			sourceTree = "<group>";
		};
		06D60C6F23DAE27E003E5A81 /* TaskManageApp */ = {
			isa = PBXGroup;
			children = (
				06D60C7023DAE27E003E5A81 /* AppDelegate.swift */,
				06D60C7223DAE27E003E5A81 /* SceneDelegate.swift */,
				06D60C7423DAE27E003E5A81 /* ViewController.swift */,
				06627A8D23DAEDDF00447F1F /* InputViewController.swift */,
				06D60C7623DAE27E003E5A81 /* Main.storyboard */,
				06D60C7923DAE27F003E5A81 /* Assets.xcassets */,
				06D60C7B23DAE27F003E5A81 /* LaunchScreen.storyboard */,
				06D60C7E23DAE27F003E5A81 /* Info.plist */,
			);
			path = TaskManageApp;
			sourceTree = "<group>";
		};
		8C70794D6BB64DDC12474D9B /* Pods */ = {
			isa = PBXGroup;
			children = (
				A89558D61F7E474903BF67A3 /* Pods-TaskManageApp.debug.xcconfig */,
				4580CA1A766CC2413C8A49C8 /* Pods-TaskManageApp.release.xcconfig */,
			);
			name = Pods;
			path = Pods;
			sourceTree = "<group>";
		};
/* End PBXGroup section */

/* Begin PBXNativeTarget section */
		06D60C6C23DAE27E003E5A81 /* TaskManageApp */ = {
			isa = PBXNativeTarget;
			buildConfigurationList = 06D60C8123DAE27F003E5A81 /* Build configuration list for PBXNativeTarget "TaskManageApp" */;
			buildPhases = (
				7EFBDB2DFFC30F636403C7B1 /* [CP] Check Pods Manifest.lock */,
				06D60C6923DAE27E003E5A81 /* Sources */,
				06D60C6A23DAE27E003E5A81 /* Frameworks */,
				06D60C6B23DAE27E003E5A81 /* Resources */,
				F3F266B869A87E509DF52513 /* [CP] Embed Pods Frameworks */,
			);
			buildRules = (
			);
			dependencies = (
			);
			name = TaskManageApp;
			productName = TaskManageApp;
			productReference = 06D60C6D23DAE27E003E5A81 /* TaskManageApp.app */;
			productType = "com.apple.product-type.application";
		};
/* End PBXNativeTarget section */

/* Begin PBXProject section */
		06D60C6523DAE27E003E5A81 /* Project object */ = {
			isa = PBXProject;
			attributes = {
				LastSwiftUpdateCheck = 1110;
				LastUpgradeCheck = 1110;
				ORGANIZATIONNAME = masahiro.mukai;
				TargetAttributes = {
					06D60C6C23DAE27E003E5A81 = {
						CreatedOnToolsVersion = 11.1;
					};
				};
			};
			buildConfigurationList = 06D60C6823DAE27E003E5A81 /* Build configuration list for PBXProject "TaskManageApp" */;
			compatibilityVersion = "Xcode 9.3";
			developmentRegion = en;
			hasScannedForEncodings = 0;
			knownRegions = (
				en,
				Base,
			);
			mainGroup = 06D60C6423DAE27E003E5A81;
			productRefGroup = 06D60C6E23DAE27E003E5A81 /* Products */;
			projectDirPath = "";
			projectRoot = "";
			targets = (
				06D60C6C23DAE27E003E5A81 /* TaskManageApp */,
			);
		};
/* End PBXProject section */

/* Begin PBXResourcesBuildPhase section */
		06D60C6B23DAE27E003E5A81 /* Resources */ = {
			isa = PBXResourcesBuildPhase;
			buildActionMask = 2147483647;
			files = (
				06D60C7D23DAE27F003E5A81 /* LaunchScreen.storyboard in Resources */,
				06D60C7A23DAE27F003E5A81 /* Assets.xcassets in Resources */,
				06D60C7823DAE27E003E5A81 /* Main.storyboard in Resources */,
			);
			runOnlyForDeploymentPostprocessing = 0;
		};
/* End PBXResourcesBuildPhase section */

/* Begin PBXShellScriptBuildPhase section */
		7EFBDB2DFFC30F636403C7B1 /* [CP] Check Pods Manifest.lock */ = {
			isa = PBXShellScriptBuildPhase;
			buildActionMask = 2147483647;
			files = (
			);
			inputFileListPaths = (
			);
			inputPaths = (
				"${PODS_PODFILE_DIR_PATH}/Podfile.lock",
				"${PODS_ROOT}/Manifest.lock",
			);
			name = "[CP] Check Pods Manifest.lock";
			outputFileListPaths = (
			);
			outputPaths = (
				"$(DERIVED_FILE_DIR)/Pods-TaskManageApp-checkManifestLockResult.txt",
			);
			runOnlyForDeploymentPostprocessing = 0;
			shellPath = /bin/sh;
			shellScript = "diff \"${PODS_PODFILE_DIR_PATH}/Podfile.lock\" \"${PODS_ROOT}/Manifest.lock\" > /dev/null\nif [ $? != 0 ] ; then\n    # print error to STDERR\n    echo \"error: The sandbox is not in sync with the Podfile.lock. Run 'pod install' or update your CocoaPods installation.\" >&2\n    exit 1\nfi\n# This output is used by Xcode 'outputs' to avoid re-running this script phase.\necho \"SUCCESS\" > \"${SCRIPT_OUTPUT_FILE_0}\"\n";
			showEnvVarsInLog = 0;
		};
		F3F266B869A87E509DF52513 /* [CP] Embed Pods Frameworks */ = {
			isa = PBXShellScriptBuildPhase;
			buildActionMask = 2147483647;
			files = (
			);
			inputFileListPaths = (
				"${PODS_ROOT}/Target Support Files/Pods-TaskManageApp/Pods-TaskManageApp-frameworks-${CONFIGURATION}-input-files.xcfilelist",
			);
			name = "[CP] Embed Pods Frameworks";
			outputFileListPaths = (
				"${PODS_ROOT}/Target Support Files/Pods-TaskManageApp/Pods-TaskManageApp-frameworks-${CONFIGURATION}-output-files.xcfilelist",
			);
			runOnlyForDeploymentPostprocessing = 0;
			shellPath = /bin/sh;
			shellScript = "\"${PODS_ROOT}/Target Support Files/Pods-TaskManageApp/Pods-TaskManageApp-frameworks.sh\"\n";
			showEnvVarsInLog = 0;
		};
/* End PBXShellScriptBuildPhase section */

/* Begin PBXSourcesBuildPhase section */
		06D60C6923DAE27E003E5A81 /* Sources */ = {
			isa = PBXSourcesBuildPhase;
			buildActionMask = 2147483647;
			files = (
				06D60C7523DAE27E003E5A81 /* ViewController.swift in Sources */,
				06D60C7123DAE27E003E5A81 /* AppDelegate.swift in Sources */,
				06D60C7323DAE27E003E5A81 /* SceneDelegate.swift in Sources */,
				06627A8E23DAEDDF00447F1F /* InputViewController.swift in Sources */,
			);
			runOnlyForDeploymentPostprocessing = 0;
		};
/* End PBXSourcesBuildPhase section */

/* Begin PBXVariantGroup section */
		06D60C7623DAE27E003E5A81 /* Main.storyboard */ = {
			isa = PBXVariantGroup;
			children = (
				06D60C7723DAE27E003E5A81 /* Base */,
			);
			name = Main.storyboard;
			sourceTree = "<group>";
		};
		06D60C7B23DAE27F003E5A81 /* LaunchScreen.storyboard */ = {
			isa = PBXVariantGroup;
			children = (
				06D60C7C23DAE27F003E5A81 /* Base */,
			);
			name = LaunchScreen.storyboard;
			sourceTree = "<group>";
		};
/* End PBXVariantGroup section */

/* Begin XCBuildConfiguration section */
		06D60C7F23DAE27F003E5A81 /* Debug */ = {
			isa = XCBuildConfiguration;
			buildSettings = {
				ALWAYS_SEARCH_USER_PATHS = NO;
				CLANG_ANALYZER_NONNULL = YES;
				CLANG_ANALYZER_NUMBER_OBJECT_CONVERSION = YES_AGGRESSIVE;
				CLANG_CXX_LANGUAGE_STANDARD = "gnu++14";
				CLANG_CXX_LIBRARY = "libc++";
				CLANG_ENABLE_MODULES = YES;
				CLANG_ENABLE_OBJC_ARC = YES;
				CLANG_ENABLE_OBJC_WEAK = YES;
				CLANG_WARN_BLOCK_CAPTURE_AUTORELEASING = YES;
				CLANG_WARN_BOOL_CONVERSION = YES;
				CLANG_WARN_COMMA = YES;
				CLANG_WARN_CONSTANT_CONVERSION = YES;
				CLANG_WARN_DEPRECATED_OBJC_IMPLEMENTATIONS = YES;
				CLANG_WARN_DIRECT_OBJC_ISA_USAGE = YES_ERROR;
				CLANG_WARN_DOCUMENTATION_COMMENTS = YES;
				CLANG_WARN_EMPTY_BODY = YES;
				CLANG_WARN_ENUM_CONVERSION = YES;
				CLANG_WARN_INFINITE_RECURSION = YES;
				CLANG_WARN_INT_CONVERSION = YES;
				CLANG_WARN_NON_LITERAL_NULL_CONVERSION = YES;
				CLANG_WARN_OBJC_IMPLICIT_RETAIN_SELF = YES;
				CLANG_WARN_OBJC_LITERAL_CONVERSION = YES;
				CLANG_WARN_OBJC_ROOT_CLASS = YES_ERROR;
				CLANG_WARN_RANGE_LOOP_ANALYSIS = YES;
				CLANG_WARN_STRICT_PROTOTYPES = YES;
				CLANG_WARN_SUSPICIOUS_MOVE = YES;
				CLANG_WARN_UNGUARDED_AVAILABILITY = YES_AGGRESSIVE;
				CLANG_WARN_UNREACHABLE_CODE = YES;
				CLANG_WARN__DUPLICATE_METHOD_MATCH = YES;
				COPY_PHASE_STRIP = NO;
				DEBUG_INFORMATION_FORMAT = dwarf;
				ENABLE_STRICT_OBJC_MSGSEND = YES;
				ENABLE_TESTABILITY = YES;
				GCC_C_LANGUAGE_STANDARD = gnu11;
				GCC_DYNAMIC_NO_PIC = NO;
				GCC_NO_COMMON_BLOCKS = YES;
				GCC_OPTIMIZATION_LEVEL = 0;
				GCC_PREPROCESSOR_DEFINITIONS = (
					"DEBUG=1",
					"$(inherited)",
				);
				GCC_WARN_64_TO_32_BIT_CONVERSION = YES;
				GCC_WARN_ABOUT_RETURN_TYPE = YES_ERROR;
				GCC_WARN_UNDECLARED_SELECTOR = YES;
				GCC_WARN_UNINITIALIZED_AUTOS = YES_AGGRESSIVE;
				GCC_WARN_UNUSED_FUNCTION = YES;
				GCC_WARN_UNUSED_VARIABLE = YES;
				IPHONEOS_DEPLOYMENT_TARGET = 13.1;
				MTL_ENABLE_DEBUG_INFO = INCLUDE_SOURCE;
				MTL_FAST_MATH = YES;
				ONLY_ACTIVE_ARCH = YES;
				SDKROOT = iphoneos;
				SWIFT_ACTIVE_COMPILATION_CONDITIONS = DEBUG;
				SWIFT_OPTIMIZATION_LEVEL = "-Onone";
			};
			name = Debug;
		};
		06D60C8023DAE27F003E5A81 /* Release */ = {
			isa = XCBuildConfiguration;
			buildSettings = {
				ALWAYS_SEARCH_USER_PATHS = NO;
				CLANG_ANALYZER_NONNULL = YES;
				CLANG_ANALYZER_NUMBER_OBJECT_CONVERSION = YES_AGGRESSIVE;
				CLANG_CXX_LANGUAGE_STANDARD = "gnu++14";
				CLANG_CXX_LIBRARY = "libc++";
				CLANG_ENABLE_MODULES = YES;
				CLANG_ENABLE_OBJC_ARC = YES;
				CLANG_ENABLE_OBJC_WEAK = YES;
				CLANG_WARN_BLOCK_CAPTURE_AUTORELEASING = YES;
				CLANG_WARN_BOOL_CONVERSION = YES;
				CLANG_WARN_COMMA = YES;
				CLANG_WARN_CONSTANT_CONVERSION = YES;
				CLANG_WARN_DEPRECATED_OBJC_IMPLEMENTATIONS = YES;
				CLANG_WARN_DIRECT_OBJC_ISA_USAGE = YES_ERROR;
				CLANG_WARN_DOCUMENTATION_COMMENTS = YES;
				CLANG_WARN_EMPTY_BODY = YES;
				CLANG_WARN_ENUM_CONVERSION = YES;
				CLANG_WARN_INFINITE_RECURSION = YES;
				CLANG_WARN_INT_CONVERSION = YES;
				CLANG_WARN_NON_LITERAL_NULL_CONVERSION = YES;
				CLANG_WARN_OBJC_IMPLICIT_RETAIN_SELF = YES;
				CLANG_WARN_OBJC_LITERAL_CONVERSION = YES;
				CLANG_WARN_OBJC_ROOT_CLASS = YES_ERROR;
				CLANG_WARN_RANGE_LOOP_ANALYSIS = YES;
				CLANG_WARN_STRICT_PROTOTYPES = YES;
				CLANG_WARN_SUSPICIOUS_MOVE = YES;
				CLANG_WARN_UNGUARDED_AVAILABILITY = YES_AGGRESSIVE;
				CLANG_WARN_UNREACHABLE_CODE = YES;
				CLANG_WARN__DUPLICATE_METHOD_MATCH = YES;
				COPY_PHASE_STRIP = NO;
				DEBUG_INFORMATION_FORMAT = "dwarf-with-dsym";
				ENABLE_NS_ASSERTIONS = NO;
				ENABLE_STRICT_OBJC_MSGSEND = YES;
				GCC_C_LANGUAGE_STANDARD = gnu11;
				GCC_NO_COMMON_BLOCKS = YES;
				GCC_WARN_64_TO_32_BIT_CONVERSION = YES;
				GCC_WARN_ABOUT_RETURN_TYPE = YES_ERROR;
				GCC_WARN_UNDECLARED_SELECTOR = YES;
				GCC_WARN_UNINITIALIZED_AUTOS = YES_AGGRESSIVE;
				GCC_WARN_UNUSED_FUNCTION = YES;
				GCC_WARN_UNUSED_VARIABLE = YES;
				IPHONEOS_DEPLOYMENT_TARGET = 13.1;
				MTL_ENABLE_DEBUG_INFO = NO;
				MTL_FAST_MATH = YES;
				SDKROOT = iphoneos;
				SWIFT_COMPILATION_MODE = wholemodule;
				SWIFT_OPTIMIZATION_LEVEL = "-O";
				VALIDATE_PRODUCT = YES;
			};
			name = Release;
		};
		06D60C8223DAE27F003E5A81 /* Debug */ = {
			isa = XCBuildConfiguration;
			baseConfigurationReference = A89558D61F7E474903BF67A3 /* Pods-TaskManageApp.debug.xcconfig */;
			buildSettings = {
				ASSETCATALOG_COMPILER_APPICON_NAME = AppIcon;
				CODE_SIGN_STYLE = Automatic;
				DEVELOPMENT_TEAM = 9ZDZ9P2B24;
				INFOPLIST_FILE = TaskManageApp/Info.plist;
				LD_RUNPATH_SEARCH_PATHS = (
					"$(inherited)",
					"@executable_path/Frameworks",
				);
				PRODUCT_BUNDLE_IDENTIFIER = jp.techacademy.masahiro.mukai.TaskManageApp;
				PRODUCT_NAME = "$(TARGET_NAME)";
				SWIFT_VERSION = 5.0;
				TARGETED_DEVICE_FAMILY = 1;
			};
			name = Debug;
		};
		06D60C8323DAE27F003E5A81 /* Release */ = {
			isa = XCBuildConfiguration;
			baseConfigurationReference = 4580CA1A766CC2413C8A49C8 /* Pods-TaskManageApp.release.xcconfig */;
			buildSettings = {
				ASSETCATALOG_COMPILER_APPICON_NAME = AppIcon;
				CODE_SIGN_STYLE = Automatic;
				DEVELOPMENT_TEAM = 9ZDZ9P2B24;
				INFOPLIST_FILE = TaskManageApp/Info.plist;
				LD_RUNPATH_SEARCH_PATHS = (
					"$(inherited)",
					"@executable_path/Frameworks",
				);
				PRODUCT_BUNDLE_IDENTIFIER = jp.techacademy.masahiro.mukai.TaskManageApp;
				PRODUCT_NAME = "$(TARGET_NAME)";
				SWIFT_VERSION = 5.0;
				TARGETED_DEVICE_FAMILY = 1;
			};
			name = Release;
		};
/* End XCBuildConfiguration section */

/* Begin XCConfigurationList section */
		06D60C6823DAE27E003E5A81 /* Build configuration list for PBXProject "TaskManageApp" */ = {
			isa = XCConfigurationList;
			buildConfigurations = (
				06D60C7F23DAE27F003E5A81 /* Debug */,
				06D60C8023DAE27F003E5A81 /* Release */,
			);
			defaultConfigurationIsVisible = 0;
			defaultConfigurationName = Release;
		};
		06D60C8123DAE27F003E5A81 /* Build configuration list for PBXNativeTarget "TaskManageApp" */ = {
			isa = XCConfigurationList;
			buildConfigurations = (
				06D60C8223DAE27F003E5A81 /* Debug */,
				06D60C8323DAE27F003E5A81 /* Release */,
			);
			defaultConfigurationIsVisible = 0;
			defaultConfigurationName = Release;
		};
/* End XCConfigurationList section */
	};
	rootObject = 06D60C6523DAE27E003E5A81 /* Project object */;
}
